
Microsoft Visual Studio Solution File, Format Version 12.00
# Visual Studio Version 17
VisualStudioVersion = 17.5.002.0
MinimumVisualStudioVersion = 10.0.40219.1
Project("{9A19103F-16F7-4668-BE54-9A1E7A4F7556}") = "EFPractica", "EFPractica.csproj", "{2369FA4F-B03D-4CC0-B6D5-8DCA498C7A19}"
EndProject
Global
	GlobalSection(SolutionConfigurationPlatforms) = preSolution
		Debug|Any CPU = Debug|Any CPU
		Release|Any CPU = Release|Any CPU
	EndGlobalSection
	GlobalSection(ProjectConfigurationPlatforms) = postSolution
		{2369FA4F-B03D-4CC0-B6D5-8DCA498C7A19}.Debug|Any CPU.ActiveCfg = Debug|Any CPU
		{2369FA4F-B03D-4CC0-B6D5-8DCA498C7A19}.Debug|Any CPU.Build.0 = Debug|Any CPU
		{2369FA4F-B03D-4CC0-B6D5-8DCA498C7A19}.Release|Any CPU.ActiveCfg = Release|Any CPU
		{2369FA4F-B03D-4CC0-B6D5-8DCA498C7A19}.Release|Any CPU.Build.0 = Release|Any CPU
	EndGlobalSection
	GlobalSection(SolutionProperties) = preSolution
		HideSolutionNode = FALSE
	EndGlobalSection
	GlobalSection(ExtensibilityGlobals) = postSolution
		SolutionGuid = {BA8BBB86-47E1-4642-8DCF-F24A70A25F43}
	EndGlobalSection
EndGlobal
